
Microsoft Visual Studio Solution File, Format Version 12.00
# Visual Studio Version 17
VisualStudioVersion = 17.7.34018.315
MinimumVisualStudioVersion = 10.0.40219.1
Project("{9A19103F-16F7-4668-BE54-9A1E7A4F7556}") = "FoodApp", "FoodApp\FoodApp.csproj", "{D70A28C2-F531-4EEA-980A-CB2BFCAE2305}"
EndProject
Project("{FAE04EC0-301F-11D3-BF4B-00C04F79EFBC}") = "FoodAppUnitTests", "FoodAppUnitTests\FoodAppUnitTests.csproj", "{8021D4FC-E2B7-4A65-ABB5-DDE4D5C7D840}"
EndProject
Global
	GlobalSection(SolutionConfigurationPlatforms) = preSolution
		Debug|Any CPU = Debug|Any CPU
		Release|Any CPU = Release|Any CPU
	EndGlobalSection
	GlobalSection(ProjectConfigurationPlatforms) = postSolution
		{D70A28C2-F531-4EEA-980A-CB2BFCAE2305}.Debug|Any CPU.ActiveCfg = Debug|Any CPU
		{D70A28C2-F531-4EEA-980A-CB2BFCAE2305}.Debug|Any CPU.Build.0 = Debug|Any CPU
		{D70A28C2-F531-4EEA-980A-CB2BFCAE2305}.Release|Any CPU.ActiveCfg = Release|Any CPU
		{D70A28C2-F531-4EEA-980A-CB2BFCAE2305}.Release|Any CPU.Build.0 = Release|Any CPU
		{8021D4FC-E2B7-4A65-ABB5-DDE4D5C7D840}.Debug|Any CPU.ActiveCfg = Debug|Any CPU
		{8021D4FC-E2B7-4A65-ABB5-DDE4D5C7D840}.Debug|Any CPU.Build.0 = Debug|Any CPU
		{8021D4FC-E2B7-4A65-ABB5-DDE4D5C7D840}.Release|Any CPU.ActiveCfg = Release|Any CPU
		{8021D4FC-E2B7-4A65-ABB5-DDE4D5C7D840}.Release|Any CPU.Build.0 = Release|Any CPU
	EndGlobalSection
	GlobalSection(SolutionProperties) = preSolution
		HideSolutionNode = FALSE
	EndGlobalSection
	GlobalSection(ExtensibilityGlobals) = postSolution
		SolutionGuid = {98D04E7B-4AC3-445F-95AF-B6DD16126BF9}
	EndGlobalSection
EndGlobal
